// !$*UTF8*$!
{
	archiveVersion = 1;
	classes = {
	};
	objectVersion = 52;
	objects = {

/* Begin PBXBuildFile section */
		5E328A5D26B156BD0027B10F /* Hello_ChatApp.swift in Sources */ = {isa = PBXBuildFile; fileRef = 5E328A5C26B156BD0027B10F /* Hello_ChatApp.swift */; };
		5E328A6126B156BF0027B10F /* Assets.xcassets in Resources */ = {isa = PBXBuildFile; fileRef = 5E328A6026B156BF0027B10F /* Assets.xcassets */; };
		5E328A6426B156BF0027B10F /* Preview Assets.xcassets in Resources */ = {isa = PBXBuildFile; fileRef = 5E328A6326B156BF0027B10F /* Preview Assets.xcassets */; };
		5E328A7326B1596F0027B10F /* LoginView.swift in Sources */ = {isa = PBXBuildFile; fileRef = 5E328A7226B1596F0027B10F /* LoginView.swift */; };
		5E328A7526B159A30027B10F /* RegistrationView.swift in Sources */ = {isa = PBXBuildFile; fileRef = 5E328A7426B159A30027B10F /* RegistrationView.swift */; };
		5E328A7726B198C10027B10F /* CustomTextField.swift in Sources */ = {isa = PBXBuildFile; fileRef = 5E328A7626B198C10027B10F /* CustomTextField.swift */; };
		5E328A7926B19C5B0027B10F /* IntroParagraph.swift in Sources */ = {isa = PBXBuildFile; fileRef = 5E328A7826B19C5B0027B10F /* IntroParagraph.swift */; };
		5E328A7E26B26A310027B10F /* MainTabView.swift in Sources */ = {isa = PBXBuildFile; fileRef = 5E328A7D26B26A310027B10F /* MainTabView.swift */; };
		5E328A8326B26D820027B10F /* ChannelsView.swift in Sources */ = {isa = PBXBuildFile; fileRef = 5E328A8226B26D820027B10F /* ChannelsView.swift */; };
		5E328A8B26B26DB00027B10F /* SettingsView.swift in Sources */ = {isa = PBXBuildFile; fileRef = 5E328A8A26B26DB00027B10F /* SettingsView.swift */; };
		5E328A8F26B26E320027B10F /* ConversationsView.swift in Sources */ = {isa = PBXBuildFile; fileRef = 5E328A8E26B26E320027B10F /* ConversationsView.swift */; };
		5E328A9B26B284E80027B10F /* SettingsProfile.swift in Sources */ = {isa = PBXBuildFile; fileRef = 5E328A9A26B284E80027B10F /* SettingsProfile.swift */; };
		5E328A9D26B28B4B0027B10F /* SettingsCell.swift in Sources */ = {isa = PBXBuildFile; fileRef = 5E328A9C26B28B4B0027B10F /* SettingsCell.swift */; };
		5E328A9F26B295DC0027B10F /* SettingsCellViewModel.swift in Sources */ = {isa = PBXBuildFile; fileRef = 5E328A9E26B295DC0027B10F /* SettingsCellViewModel.swift */; };
		5E328AA126B2AB150027B10F /* EditProfileView.swift in Sources */ = {isa = PBXBuildFile; fileRef = 5E328AA026B2AB150027B10F /* EditProfileView.swift */; };
		5E328AA326B2BC920027B10F /* EditProfileCell.swift in Sources */ = {isa = PBXBuildFile; fileRef = 5E328AA226B2BC920027B10F /* EditProfileCell.swift */; };
		5E328AA526B2BCDA0027B10F /* CustomDivider.swift in Sources */ = {isa = PBXBuildFile; fileRef = 5E328AA426B2BCDA0027B10F /* CustomDivider.swift */; };
		5E328AA726B2D5C10027B10F /* StatusSelectorView.swift in Sources */ = {isa = PBXBuildFile; fileRef = 5E328AA626B2D5C10027B10F /* StatusSelectorView.swift */; };
		5E328AA926B2E37A0027B10F /* StatusCell.swift in Sources */ = {isa = PBXBuildFile; fileRef = 5E328AA826B2E37A0027B10F /* StatusCell.swift */; };
		5E328AAB26B2E5EA0027B10F /* StatusViewModel.swift in Sources */ = {isa = PBXBuildFile; fileRef = 5E328AAA26B2E5EA0027B10F /* StatusViewModel.swift */; };
		5E328AAD26B3BE1D0027B10F /* ImagePicker.swift in Sources */ = {isa = PBXBuildFile; fileRef = 5E328AAC26B3BE1D0027B10F /* ImagePicker.swift */; };
		5E328B0426B79F590027B10F /* ConversationCell.swift in Sources */ = {isa = PBXBuildFile; fileRef = 5E328B0326B79F590027B10F /* ConversationCell.swift */; };
		5E328B0626B7A2680027B10F /* ChatsView.swift in Sources */ = {isa = PBXBuildFile; fileRef = 5E328B0526B7A2680027B10F /* ChatsView.swift */; };
		5E328B0B26B7A6F00027B10F /* NewMessageView.swift in Sources */ = {isa = PBXBuildFile; fileRef = 5E328B0A26B7A6F00027B10F /* NewMessageView.swift */; };
		5E328B0D26B7A6FF0027B10F /* NewMessageCell.swift in Sources */ = {isa = PBXBuildFile; fileRef = 5E328B0C26B7A6FF0027B10F /* NewMessageCell.swift */; };
		5E328B0F26B7B4800027B10F /* SearchBar.swift in Sources */ = {isa = PBXBuildFile; fileRef = 5E328B0E26B7B4800027B10F /* SearchBar.swift */; };
		5E328B1126B7BAB50027B10F /* Extensions.swift in Sources */ = {isa = PBXBuildFile; fileRef = 5E328B1026B7BAB50027B10F /* Extensions.swift */; };
		5E328B2026B7C9440027B10F /* ChatBubble.swift in Sources */ = {isa = PBXBuildFile; fileRef = 5E328B1F26B7C9440027B10F /* ChatBubble.swift */; };
		5E328B2226B7CBFD0027B10F /* ChatCell.swift in Sources */ = {isa = PBXBuildFile; fileRef = 5E328B2126B7CBFD0027B10F /* ChatCell.swift */; };
		5E328B2426B7DDC90027B10F /* CustomInputView.swift in Sources */ = {isa = PBXBuildFile; fileRef = 5E328B2326B7DDC90027B10F /* CustomInputView.swift */; };
		5E328B2626B7E3490027B10F /* Message.swift in Sources */ = {isa = PBXBuildFile; fileRef = 5E328B2526B7E3490027B10F /* Message.swift */; };
		5E328B2826B7E4F60027B10F /* ChatViewModel.swift in Sources */ = {isa = PBXBuildFile; fileRef = 5E328B2726B7E4F60027B10F /* ChatViewModel.swift */; };
		5E328B3426B8177A0027B10F /* GoogleService-Info.plist in Resources */ = {isa = PBXBuildFile; fileRef = 5E328B3326B8177A0027B10F /* GoogleService-Info.plist */; };
		5E328B3F26B824240027B10F /* AuthViewModel.swift in Sources */ = {isa = PBXBuildFile; fileRef = 5E328B3E26B824240027B10F /* AuthViewModel.swift */; };
		5E328B4326B918660027B10F /* ProfilePhotoSelectorView.swift in Sources */ = {isa = PBXBuildFile; fileRef = 5E328B4226B918660027B10F /* ProfilePhotoSelectorView.swift */; };
		5E328B4526B928E80027B10F /* CapsuleButton.swift in Sources */ = {isa = PBXBuildFile; fileRef = 5E328B4426B928E80027B10F /* CapsuleButton.swift */; };
		5E328B4726B931DD0027B10F /* ImageUploader.swift in Sources */ = {isa = PBXBuildFile; fileRef = 5E328B4626B931DD0027B10F /* ImageUploader.swift */; };
		5E328B4926B940D70027B10F /* ContentView.swift in Sources */ = {isa = PBXBuildFile; fileRef = 5E328B4826B940D70027B10F /* ContentView.swift */; };
		5E328B6026BA70890027B10F /* User.swift in Sources */ = {isa = PBXBuildFile; fileRef = 5E328B5F26BA70880027B10F /* User.swift */; };
		5E328B6326BA71E70027B10F /* FirebaseFunctions in Frameworks */ = {isa = PBXBuildFile; productRef = 5E328B6226BA71E70027B10F /* FirebaseFunctions */; };
		5E328B6526BA71E70027B10F /* FirebaseFirestoreSwift-Beta in Frameworks */ = {isa = PBXBuildFile; productRef = 5E328B6426BA71E70027B10F /* FirebaseFirestoreSwift-Beta */; };
		5E328B6726BA71E70027B10F /* FirebaseStorage in Frameworks */ = {isa = PBXBuildFile; productRef = 5E328B6626BA71E70027B10F /* FirebaseStorage */; };
		5E328B6926BA71E70027B10F /* FirebaseAuth in Frameworks */ = {isa = PBXBuildFile; productRef = 5E328B6826BA71E70027B10F /* FirebaseAuth */; };
		5E328B6B26BA71E70027B10F /* FirebaseFirestore in Frameworks */ = {isa = PBXBuildFile; productRef = 5E328B6A26BA71E70027B10F /* FirebaseFirestore */; };
		5E328B6E26BA8F720027B10F /* Kingfisher in Frameworks */ = {isa = PBXBuildFile; productRef = 5E328B6D26BA8F720027B10F /* Kingfisher */; };
		5E328B7026BA951C0027B10F /* NewMessageViewModel.swift in Sources */ = {isa = PBXBuildFile; fileRef = 5E328B6F26BA951B0027B10F /* NewMessageViewModel.swift */; };
		5E328B7226BA95BA0027B10F /* Constants.swift in Sources */ = {isa = PBXBuildFile; fileRef = 5E328B7126BA95BA0027B10F /* Constants.swift */; };
		5E328B7426BAA13A0027B10F /* Status.swift in Sources */ = {isa = PBXBuildFile; fileRef = 5E328B7326BAA13A0027B10F /* Status.swift */; };
/* End PBXBuildFile section */

/* Begin PBXFileReference section */
		5E328A5926B156BD0027B10F /* Hello Chat.app */ = {isa = PBXFileReference; explicitFileType = wrapper.application; includeInIndex = 0; path = "Hello Chat.app"; sourceTree = BUILT_PRODUCTS_DIR; };
		5E328A5C26B156BD0027B10F /* Hello_ChatApp.swift */ = {isa = PBXFileReference; lastKnownFileType = sourcecode.swift; path = Hello_ChatApp.swift; sourceTree = "<group>"; };
		5E328A6026B156BF0027B10F /* Assets.xcassets */ = {isa = PBXFileReference; lastKnownFileType = folder.assetcatalog; path = Assets.xcassets; sourceTree = "<group>"; };
		5E328A6326B156BF0027B10F /* Preview Assets.xcassets */ = {isa = PBXFileReference; lastKnownFileType = folder.assetcatalog; path = "Preview Assets.xcassets"; sourceTree = "<group>"; };
		5E328A6526B156BF0027B10F /* Info.plist */ = {isa = PBXFileReference; lastKnownFileType = text.plist.xml; path = Info.plist; sourceTree = "<group>"; };
		5E328A7226B1596F0027B10F /* LoginView.swift */ = {isa = PBXFileReference; lastKnownFileType = sourcecode.swift; path = LoginView.swift; sourceTree = "<group>"; };
		5E328A7426B159A30027B10F /* RegistrationView.swift */ = {isa = PBXFileReference; lastKnownFileType = sourcecode.swift; path = RegistrationView.swift; sourceTree = "<group>"; };
		5E328A7626B198C10027B10F /* CustomTextField.swift */ = {isa = PBXFileReference; lastKnownFileType = sourcecode.swift; path = CustomTextField.swift; sourceTree = "<group>"; };
		5E328A7826B19C5B0027B10F /* IntroParagraph.swift */ = {isa = PBXFileReference; lastKnownFileType = sourcecode.swift; path = IntroParagraph.swift; sourceTree = "<group>"; };
		5E328A7D26B26A310027B10F /* MainTabView.swift */ = {isa = PBXFileReference; lastKnownFileType = sourcecode.swift; path = MainTabView.swift; sourceTree = "<group>"; };
		5E328A8226B26D820027B10F /* ChannelsView.swift */ = {isa = PBXFileReference; lastKnownFileType = sourcecode.swift; path = ChannelsView.swift; sourceTree = "<group>"; };
		5E328A8A26B26DB00027B10F /* SettingsView.swift */ = {isa = PBXFileReference; lastKnownFileType = sourcecode.swift; path = SettingsView.swift; sourceTree = "<group>"; };
		5E328A8E26B26E320027B10F /* ConversationsView.swift */ = {isa = PBXFileReference; lastKnownFileType = sourcecode.swift; path = ConversationsView.swift; sourceTree = "<group>"; };
		5E328A9A26B284E80027B10F /* SettingsProfile.swift */ = {isa = PBXFileReference; lastKnownFileType = sourcecode.swift; path = SettingsProfile.swift; sourceTree = "<group>"; };
		5E328A9C26B28B4B0027B10F /* SettingsCell.swift */ = {isa = PBXFileReference; lastKnownFileType = sourcecode.swift; path = SettingsCell.swift; sourceTree = "<group>"; };
		5E328A9E26B295DC0027B10F /* SettingsCellViewModel.swift */ = {isa = PBXFileReference; lastKnownFileType = sourcecode.swift; path = SettingsCellViewModel.swift; sourceTree = "<group>"; };
		5E328AA026B2AB150027B10F /* EditProfileView.swift */ = {isa = PBXFileReference; lastKnownFileType = sourcecode.swift; path = EditProfileView.swift; sourceTree = "<group>"; };
		5E328AA226B2BC920027B10F /* EditProfileCell.swift */ = {isa = PBXFileReference; lastKnownFileType = sourcecode.swift; path = EditProfileCell.swift; sourceTree = "<group>"; };
		5E328AA426B2BCDA0027B10F /* CustomDivider.swift */ = {isa = PBXFileReference; lastKnownFileType = sourcecode.swift; path = CustomDivider.swift; sourceTree = "<group>"; };
		5E328AA626B2D5C10027B10F /* StatusSelectorView.swift */ = {isa = PBXFileReference; lastKnownFileType = sourcecode.swift; path = StatusSelectorView.swift; sourceTree = "<group>"; };
		5E328AA826B2E37A0027B10F /* StatusCell.swift */ = {isa = PBXFileReference; lastKnownFileType = sourcecode.swift; path = StatusCell.swift; sourceTree = "<group>"; };
		5E328AAA26B2E5EA0027B10F /* StatusViewModel.swift */ = {isa = PBXFileReference; lastKnownFileType = sourcecode.swift; path = StatusViewModel.swift; sourceTree = "<group>"; };
		5E328AAC26B3BE1D0027B10F /* ImagePicker.swift */ = {isa = PBXFileReference; lastKnownFileType = sourcecode.swift; path = ImagePicker.swift; sourceTree = "<group>"; };
		5E328B0326B79F590027B10F /* ConversationCell.swift */ = {isa = PBXFileReference; lastKnownFileType = sourcecode.swift; path = ConversationCell.swift; sourceTree = "<group>"; };
		5E328B0526B7A2680027B10F /* ChatsView.swift */ = {isa = PBXFileReference; lastKnownFileType = sourcecode.swift; path = ChatsView.swift; sourceTree = "<group>"; };
		5E328B0A26B7A6F00027B10F /* NewMessageView.swift */ = {isa = PBXFileReference; lastKnownFileType = sourcecode.swift; path = NewMessageView.swift; sourceTree = "<group>"; };
		5E328B0C26B7A6FF0027B10F /* NewMessageCell.swift */ = {isa = PBXFileReference; lastKnownFileType = sourcecode.swift; path = NewMessageCell.swift; sourceTree = "<group>"; };
		5E328B0E26B7B4800027B10F /* SearchBar.swift */ = {isa = PBXFileReference; lastKnownFileType = sourcecode.swift; path = SearchBar.swift; sourceTree = "<group>"; };
		5E328B1026B7BAB50027B10F /* Extensions.swift */ = {isa = PBXFileReference; lastKnownFileType = sourcecode.swift; path = Extensions.swift; sourceTree = "<group>"; };
		5E328B1F26B7C9440027B10F /* ChatBubble.swift */ = {isa = PBXFileReference; lastKnownFileType = sourcecode.swift; path = ChatBubble.swift; sourceTree = "<group>"; };
		5E328B2126B7CBFD0027B10F /* ChatCell.swift */ = {isa = PBXFileReference; lastKnownFileType = sourcecode.swift; path = ChatCell.swift; sourceTree = "<group>"; };
		5E328B2326B7DDC90027B10F /* CustomInputView.swift */ = {isa = PBXFileReference; lastKnownFileType = sourcecode.swift; path = CustomInputView.swift; sourceTree = "<group>"; };
		5E328B2526B7E3490027B10F /* Message.swift */ = {isa = PBXFileReference; lastKnownFileType = sourcecode.swift; path = Message.swift; sourceTree = "<group>"; };
		5E328B2726B7E4F60027B10F /* ChatViewModel.swift */ = {isa = PBXFileReference; lastKnownFileType = sourcecode.swift; path = ChatViewModel.swift; sourceTree = "<group>"; };
		5E328B3326B8177A0027B10F /* GoogleService-Info.plist */ = {isa = PBXFileReference; lastKnownFileType = text.plist; path = "GoogleService-Info.plist"; sourceTree = SOURCE_ROOT; };
		5E328B3E26B824240027B10F /* AuthViewModel.swift */ = {isa = PBXFileReference; lastKnownFileType = sourcecode.swift; path = AuthViewModel.swift; sourceTree = "<group>"; };
		5E328B4226B918660027B10F /* ProfilePhotoSelectorView.swift */ = {isa = PBXFileReference; lastKnownFileType = sourcecode.swift; path = ProfilePhotoSelectorView.swift; sourceTree = "<group>"; };
		5E328B4426B928E80027B10F /* CapsuleButton.swift */ = {isa = PBXFileReference; lastKnownFileType = sourcecode.swift; path = CapsuleButton.swift; sourceTree = "<group>"; };
		5E328B4626B931DD0027B10F /* ImageUploader.swift */ = {isa = PBXFileReference; lastKnownFileType = sourcecode.swift; path = ImageUploader.swift; sourceTree = "<group>"; };
		5E328B4826B940D70027B10F /* ContentView.swift */ = {isa = PBXFileReference; lastKnownFileType = sourcecode.swift; path = ContentView.swift; sourceTree = "<group>"; };
		5E328B5F26BA70880027B10F /* User.swift */ = {isa = PBXFileReference; lastKnownFileType = sourcecode.swift; path = User.swift; sourceTree = "<group>"; };
		5E328B6F26BA951B0027B10F /* NewMessageViewModel.swift */ = {isa = PBXFileReference; lastKnownFileType = sourcecode.swift; path = NewMessageViewModel.swift; sourceTree = "<group>"; };
		5E328B7126BA95BA0027B10F /* Constants.swift */ = {isa = PBXFileReference; lastKnownFileType = sourcecode.swift; path = Constants.swift; sourceTree = "<group>"; };
		5E328B7326BAA13A0027B10F /* Status.swift */ = {isa = PBXFileReference; lastKnownFileType = sourcecode.swift; path = Status.swift; sourceTree = "<group>"; };
/* End PBXFileReference section */

/* Begin PBXFrameworksBuildPhase section */
		5E328A5626B156BD0027B10F /* Frameworks */ = {
			isa = PBXFrameworksBuildPhase;
			buildActionMask = 2147483647;
			files = (
				5E328B6E26BA8F720027B10F /* Kingfisher in Frameworks */,
				5E328B6326BA71E70027B10F /* FirebaseFunctions in Frameworks */,
				5E328B6526BA71E70027B10F /* FirebaseFirestoreSwift-Beta in Frameworks */,
				5E328B6726BA71E70027B10F /* FirebaseStorage in Frameworks */,
				5E328B6B26BA71E70027B10F /* FirebaseFirestore in Frameworks */,
				5E328B6926BA71E70027B10F /* FirebaseAuth in Frameworks */,
			);
			runOnlyForDeploymentPostprocessing = 0;
		};
/* End PBXFrameworksBuildPhase section */

/* Begin PBXGroup section */
		5E328A5026B156BD0027B10F = {
			isa = PBXGroup;
			children = (
				5E328A5B26B156BD0027B10F /* Hello Chat */,
				5E328A5A26B156BD0027B10F /* Products */,
			);
			sourceTree = "<group>";
		};
		5E328A5A26B156BD0027B10F /* Products */ = {
			isa = PBXGroup;
			children = (
				5E328A5926B156BD0027B10F /* Hello Chat.app */,
			);
			name = Products;
			sourceTree = "<group>";
		};
		5E328A5B26B156BD0027B10F /* Hello Chat */ = {
			isa = PBXGroup;
			children = (
				5E328A7026B158320027B10F /* Model */,
				5E328A6E26B1582E0027B10F /* ViewModel */,
				5E328A6F26B158300027B10F /* View */,
				5E328A6C26B158290027B10F /* Utilities */,
				5E328A6D26B1582C0027B10F /* API */,
				5E328B4826B940D70027B10F /* ContentView.swift */,
				5E328A5C26B156BD0027B10F /* Hello_ChatApp.swift */,
				5E328A6026B156BF0027B10F /* Assets.xcassets */,
				5E328A6526B156BF0027B10F /* Info.plist */,
				5E328B3326B8177A0027B10F /* GoogleService-Info.plist */,
				5E328A6226B156BF0027B10F /* Preview Content */,
			);
			path = "Hello Chat";
			sourceTree = "<group>";
		};
		5E328A6226B156BF0027B10F /* Preview Content */ = {
			isa = PBXGroup;
			children = (
				5E328A6326B156BF0027B10F /* Preview Assets.xcassets */,
			);
			path = "Preview Content";
			sourceTree = "<group>";
		};
		5E328A6C26B158290027B10F /* Utilities */ = {
			isa = PBXGroup;
			children = (
				5E328A7626B198C10027B10F /* CustomTextField.swift */,
				5E328AA426B2BCDA0027B10F /* CustomDivider.swift */,
				5E328AAC26B3BE1D0027B10F /* ImagePicker.swift */,
				5E328B0E26B7B4800027B10F /* SearchBar.swift */,
				5E328B1026B7BAB50027B10F /* Extensions.swift */,
				5E328B2326B7DDC90027B10F /* CustomInputView.swift */,
				5E328B4426B928E80027B10F /* CapsuleButton.swift */,
				5E328B7126BA95BA0027B10F /* Constants.swift */,
			);
			path = Utilities;
			sourceTree = "<group>";
		};
		5E328A6D26B1582C0027B10F /* API */ = {
			isa = PBXGroup;
			children = (
				5E328B4626B931DD0027B10F /* ImageUploader.swift */,
			);
			path = API;
			sourceTree = "<group>";
		};
		5E328A6E26B1582E0027B10F /* ViewModel */ = {
			isa = PBXGroup;
			children = (
				5E328B3E26B824240027B10F /* AuthViewModel.swift */,
				5E328B2726B7E4F60027B10F /* ChatViewModel.swift */,
				5E328B6F26BA951B0027B10F /* NewMessageViewModel.swift */,
				5E328A9E26B295DC0027B10F /* SettingsCellViewModel.swift */,
				5E328AAA26B2E5EA0027B10F /* StatusViewModel.swift */,
			);
			path = ViewModel;
			sourceTree = "<group>";
		};
		5E328A6F26B158300027B10F /* View */ = {
			isa = PBXGroup;
			children = (
				5E328A7126B1590C0027B10F /* Auth */,
				5E328A7C26B26A080027B10F /* Main */,
				5E328A8126B26D5A0027B10F /* Conversations */,
				5E328B0926B7A6C40027B10F /* NewMessage */,
				5E328A9326B26EEF0027B10F /* Chats */,
				5E328A8026B26D550027B10F /* Channels */,
				5E328A7F26B26D4C0027B10F /* Settings */,
			);
			path = View;
			sourceTree = "<group>";
		};
		5E328A7026B158320027B10F /* Model */ = {
			isa = PBXGroup;
			children = (
				5E328B5F26BA70880027B10F /* User.swift */,
				5E328B2526B7E3490027B10F /* Message.swift */,
				5E328B7326BAA13A0027B10F /* Status.swift */,
			);
			path = Model;
			sourceTree = "<group>";
		};
		5E328A7126B1590C0027B10F /* Auth */ = {
			isa = PBXGroup;
			children = (
				5E328A7226B1596F0027B10F /* LoginView.swift */,
				5E328A7426B159A30027B10F /* RegistrationView.swift */,
				5E328B4226B918660027B10F /* ProfilePhotoSelectorView.swift */,
				5E328A7826B19C5B0027B10F /* IntroParagraph.swift */,
			);
			path = Auth;
			sourceTree = "<group>";
		};
		5E328A7C26B26A080027B10F /* Main */ = {
			isa = PBXGroup;
			children = (
				5E328A7D26B26A310027B10F /* MainTabView.swift */,
			);
			path = Main;
			sourceTree = "<group>";
		};
		5E328A7F26B26D4C0027B10F /* Settings */ = {
			isa = PBXGroup;
			children = (
				5E328A8A26B26DB00027B10F /* SettingsView.swift */,
				5E328AA026B2AB150027B10F /* EditProfileView.swift */,
				5E328AA626B2D5C10027B10F /* StatusSelectorView.swift */,
				5E328A9A26B284E80027B10F /* SettingsProfile.swift */,
				5E328A9C26B28B4B0027B10F /* SettingsCell.swift */,
				5E328AA226B2BC920027B10F /* EditProfileCell.swift */,
				5E328AA826B2E37A0027B10F /* StatusCell.swift */,
			);
			path = Settings;
			sourceTree = "<group>";
		};
		5E328A8026B26D550027B10F /* Channels */ = {
			isa = PBXGroup;
			children = (
				5E328A8226B26D820027B10F /* ChannelsView.swift */,
			);
			path = Channels;
			sourceTree = "<group>";
		};
		5E328A8126B26D5A0027B10F /* Conversations */ = {
			isa = PBXGroup;
			children = (
				5E328A8E26B26E320027B10F /* ConversationsView.swift */,
				5E328B0326B79F590027B10F /* ConversationCell.swift */,
			);
			path = Conversations;
			sourceTree = "<group>";
		};
		5E328A9326B26EEF0027B10F /* Chats */ = {
			isa = PBXGroup;
			children = (
				5E328B0526B7A2680027B10F /* ChatsView.swift */,
				5E328B2126B7CBFD0027B10F /* ChatCell.swift */,
				5E328B1F26B7C9440027B10F /* ChatBubble.swift */,
			);
			path = Chats;
			sourceTree = "<group>";
		};
		5E328B0926B7A6C40027B10F /* NewMessage */ = {
			isa = PBXGroup;
			children = (
				5E328B0A26B7A6F00027B10F /* NewMessageView.swift */,
				5E328B0C26B7A6FF0027B10F /* NewMessageCell.swift */,
			);
			path = NewMessage;
			sourceTree = "<group>";
		};
/* End PBXGroup section */

/* Begin PBXNativeTarget section */
		5E328A5826B156BD0027B10F /* Hello Chat */ = {
			isa = PBXNativeTarget;
			buildConfigurationList = 5E328A6826B156BF0027B10F /* Build configuration list for PBXNativeTarget "Hello Chat" */;
			buildPhases = (
				5E328A5526B156BD0027B10F /* Sources */,
				5E328A5626B156BD0027B10F /* Frameworks */,
				5E328A5726B156BD0027B10F /* Resources */,
			);
			buildRules = (
			);
			dependencies = (
			);
			name = "Hello Chat";
			packageProductDependencies = (
				5E328B6226BA71E70027B10F /* FirebaseFunctions */,
				5E328B6426BA71E70027B10F /* FirebaseFirestoreSwift-Beta */,
				5E328B6626BA71E70027B10F /* FirebaseStorage */,
				5E328B6826BA71E70027B10F /* FirebaseAuth */,
				5E328B6A26BA71E70027B10F /* FirebaseFirestore */,
				5E328B6D26BA8F720027B10F /* Kingfisher */,
			);
			productName = "Hello Chat";
			productReference = 5E328A5926B156BD0027B10F /* Hello Chat.app */;
			productType = "com.apple.product-type.application";
		};
/* End PBXNativeTarget section */

/* Begin PBXProject section */
		5E328A5126B156BD0027B10F /* Project object */ = {
			isa = PBXProject;
			attributes = {
				LastSwiftUpdateCheck = 1250;
				LastUpgradeCheck = 1250;
				TargetAttributes = {
					5E328A5826B156BD0027B10F = {
						CreatedOnToolsVersion = 12.5.1;
					};
				};
			};
			buildConfigurationList = 5E328A5426B156BD0027B10F /* Build configuration list for PBXProject "Hello Chat" */;
			compatibilityVersion = "Xcode 9.3";
			developmentRegion = en;
			hasScannedForEncodings = 0;
			knownRegions = (
				en,
				Base,
			);
			mainGroup = 5E328A5026B156BD0027B10F;
			packageReferences = (
				5E328B6126BA71E60027B10F /* XCRemoteSwiftPackageReference "firebase-ios-sdk" */,
				5E328B6C26BA8F720027B10F /* XCRemoteSwiftPackageReference "Kingfisher" */,
			);
			productRefGroup = 5E328A5A26B156BD0027B10F /* Products */;
			projectDirPath = "";
			projectRoot = "";
			targets = (
				5E328A5826B156BD0027B10F /* Hello Chat */,
			);
		};
/* End PBXProject section */

/* Begin PBXResourcesBuildPhase section */
		5E328A5726B156BD0027B10F /* Resources */ = {
			isa = PBXResourcesBuildPhase;
			buildActionMask = 2147483647;
			files = (
				5E328A6426B156BF0027B10F /* Preview Assets.xcassets in Resources */,
				5E328A6126B156BF0027B10F /* Assets.xcassets in Resources */,
				5E328B3426B8177A0027B10F /* GoogleService-Info.plist in Resources */,
			);
			runOnlyForDeploymentPostprocessing = 0;
		};
/* End PBXResourcesBuildPhase section */

/* Begin PBXSourcesBuildPhase section */
		5E328A5526B156BD0027B10F /* Sources */ = {
			isa = PBXSourcesBuildPhase;
			buildActionMask = 2147483647;
			files = (
				5E328AA126B2AB150027B10F /* EditProfileView.swift in Sources */,
				5E328B7226BA95BA0027B10F /* Constants.swift in Sources */,
				5E328AA726B2D5C10027B10F /* StatusSelectorView.swift in Sources */,
				5E328AAD26B3BE1D0027B10F /* ImagePicker.swift in Sources */,
				5E328B2026B7C9440027B10F /* ChatBubble.swift in Sources */,
				5E328A7326B1596F0027B10F /* LoginView.swift in Sources */,
				5E328A8F26B26E320027B10F /* ConversationsView.swift in Sources */,
				5E328B2826B7E4F60027B10F /* ChatViewModel.swift in Sources */,
				5E328A7926B19C5B0027B10F /* IntroParagraph.swift in Sources */,
				5E328A9D26B28B4B0027B10F /* SettingsCell.swift in Sources */,
				5E328B0F26B7B4800027B10F /* SearchBar.swift in Sources */,
				5E328A8326B26D820027B10F /* ChannelsView.swift in Sources */,
				5E328AA326B2BC920027B10F /* EditProfileCell.swift in Sources */,
				5E328B3F26B824240027B10F /* AuthViewModel.swift in Sources */,
				5E328B0626B7A2680027B10F /* ChatsView.swift in Sources */,
				5E328AA526B2BCDA0027B10F /* CustomDivider.swift in Sources */,
				5E328A7E26B26A310027B10F /* MainTabView.swift in Sources */,
				5E328B4926B940D70027B10F /* ContentView.swift in Sources */,
				5E328B4326B918660027B10F /* ProfilePhotoSelectorView.swift in Sources */,
				5E328A5D26B156BD0027B10F /* Hello_ChatApp.swift in Sources */,
				5E328AA926B2E37A0027B10F /* StatusCell.swift in Sources */,
				5E328B4726B931DD0027B10F /* ImageUploader.swift in Sources */,
				5E328B4526B928E80027B10F /* CapsuleButton.swift in Sources */,
				5E328A9F26B295DC0027B10F /* SettingsCellViewModel.swift in Sources */,
				5E328B0426B79F590027B10F /* ConversationCell.swift in Sources */,
				5E328B0D26B7A6FF0027B10F /* NewMessageCell.swift in Sources */,
				5E328B2226B7CBFD0027B10F /* ChatCell.swift in Sources */,
				5E328A9B26B284E80027B10F /* SettingsProfile.swift in Sources */,
				5E328AAB26B2E5EA0027B10F /* StatusViewModel.swift in Sources */,
				5E328B2426B7DDC90027B10F /* CustomInputView.swift in Sources */,
				5E328B1126B7BAB50027B10F /* Extensions.swift in Sources */,
				5E328A7526B159A30027B10F /* RegistrationView.swift in Sources */,
				5E328B0B26B7A6F00027B10F /* NewMessageView.swift in Sources */,
				5E328B6026BA70890027B10F /* User.swift in Sources */,
				5E328B2626B7E3490027B10F /* Message.swift in Sources */,
				5E328B7426BAA13A0027B10F /* Status.swift in Sources */,
				5E328A7726B198C10027B10F /* CustomTextField.swift in Sources */,
				5E328B7026BA951C0027B10F /* NewMessageViewModel.swift in Sources */,
				5E328A8B26B26DB00027B10F /* SettingsView.swift in Sources */,
			);
			runOnlyForDeploymentPostprocessing = 0;
		};
/* End PBXSourcesBuildPhase section */

/* Begin XCBuildConfiguration section */
		5E328A6626B156BF0027B10F /* Debug */ = {
			isa = XCBuildConfiguration;
			buildSettings = {
				ALWAYS_SEARCH_USER_PATHS = NO;
				CLANG_ANALYZER_NONNULL = YES;
				CLANG_ANALYZER_NUMBER_OBJECT_CONVERSION = YES_AGGRESSIVE;
				CLANG_CXX_LANGUAGE_STANDARD = "gnu++14";
				CLANG_CXX_LIBRARY = "libc++";
				CLANG_ENABLE_MODULES = YES;
				CLANG_ENABLE_OBJC_ARC = YES;
				CLANG_ENABLE_OBJC_WEAK = YES;
				CLANG_WARN_BLOCK_CAPTURE_AUTORELEASING = YES;
				CLANG_WARN_BOOL_CONVERSION = YES;
				CLANG_WARN_COMMA = YES;
				CLANG_WARN_CONSTANT_CONVERSION = YES;
				CLANG_WARN_DEPRECATED_OBJC_IMPLEMENTATIONS = YES;
				CLANG_WARN_DIRECT_OBJC_ISA_USAGE = YES_ERROR;
				CLANG_WARN_DOCUMENTATION_COMMENTS = YES;
				CLANG_WARN_EMPTY_BODY = YES;
				CLANG_WARN_ENUM_CONVERSION = YES;
				CLANG_WARN_INFINITE_RECURSION = YES;
				CLANG_WARN_INT_CONVERSION = YES;
				CLANG_WARN_NON_LITERAL_NULL_CONVERSION = YES;
				CLANG_WARN_OBJC_IMPLICIT_RETAIN_SELF = YES;
				CLANG_WARN_OBJC_LITERAL_CONVERSION = YES;
				CLANG_WARN_OBJC_ROOT_CLASS = YES_ERROR;
				CLANG_WARN_QUOTED_INCLUDE_IN_FRAMEWORK_HEADER = YES;
				CLANG_WARN_RANGE_LOOP_ANALYSIS = YES;
				CLANG_WARN_STRICT_PROTOTYPES = YES;
				CLANG_WARN_SUSPICIOUS_MOVE = YES;
				CLANG_WARN_UNGUARDED_AVAILABILITY = YES_AGGRESSIVE;
				CLANG_WARN_UNREACHABLE_CODE = YES;
				CLANG_WARN__DUPLICATE_METHOD_MATCH = YES;
				COPY_PHASE_STRIP = NO;
				DEBUG_INFORMATION_FORMAT = dwarf;
				ENABLE_STRICT_OBJC_MSGSEND = YES;
				ENABLE_TESTABILITY = YES;
				GCC_C_LANGUAGE_STANDARD = gnu11;
				GCC_DYNAMIC_NO_PIC = NO;
				GCC_NO_COMMON_BLOCKS = YES;
				GCC_OPTIMIZATION_LEVEL = 0;
				GCC_PREPROCESSOR_DEFINITIONS = (
					"DEBUG=1",
					"$(inherited)",
				);
				GCC_WARN_64_TO_32_BIT_CONVERSION = YES;
				GCC_WARN_ABOUT_RETURN_TYPE = YES_ERROR;
				GCC_WARN_UNDECLARED_SELECTOR = YES;
				GCC_WARN_UNINITIALIZED_AUTOS = YES_AGGRESSIVE;
				GCC_WARN_UNUSED_FUNCTION = YES;
				GCC_WARN_UNUSED_VARIABLE = YES;
				IPHONEOS_DEPLOYMENT_TARGET = 14.5;
				MTL_ENABLE_DEBUG_INFO = INCLUDE_SOURCE;
				MTL_FAST_MATH = YES;
				ONLY_ACTIVE_ARCH = YES;
				SDKROOT = iphoneos;
				SWIFT_ACTIVE_COMPILATION_CONDITIONS = DEBUG;
				SWIFT_OPTIMIZATION_LEVEL = "-Onone";
			};
			name = Debug;
		};
		5E328A6726B156BF0027B10F /* Release */ = {
			isa = XCBuildConfiguration;
			buildSettings = {
				ALWAYS_SEARCH_USER_PATHS = NO;
				CLANG_ANALYZER_NONNULL = YES;
				CLANG_ANALYZER_NUMBER_OBJECT_CONVERSION = YES_AGGRESSIVE;
				CLANG_CXX_LANGUAGE_STANDARD = "gnu++14";
				CLANG_CXX_LIBRARY = "libc++";
				CLANG_ENABLE_MODULES = YES;
				CLANG_ENABLE_OBJC_ARC = YES;
				CLANG_ENABLE_OBJC_WEAK = YES;
				CLANG_WARN_BLOCK_CAPTURE_AUTORELEASING = YES;
				CLANG_WARN_BOOL_CONVERSION = YES;
				CLANG_WARN_COMMA = YES;
				CLANG_WARN_CONSTANT_CONVERSION = YES;
				CLANG_WARN_DEPRECATED_OBJC_IMPLEMENTATIONS = YES;
				CLANG_WARN_DIRECT_OBJC_ISA_USAGE = YES_ERROR;
				CLANG_WARN_DOCUMENTATION_COMMENTS = YES;
				CLANG_WARN_EMPTY_BODY = YES;
				CLANG_WARN_ENUM_CONVERSION = YES;
				CLANG_WARN_INFINITE_RECURSION = YES;
				CLANG_WARN_INT_CONVERSION = YES;
				CLANG_WARN_NON_LITERAL_NULL_CONVERSION = YES;
				CLANG_WARN_OBJC_IMPLICIT_RETAIN_SELF = YES;
				CLANG_WARN_OBJC_LITERAL_CONVERSION = YES;
				CLANG_WARN_OBJC_ROOT_CLASS = YES_ERROR;
				CLANG_WARN_QUOTED_INCLUDE_IN_FRAMEWORK_HEADER = YES;
				CLANG_WARN_RANGE_LOOP_ANALYSIS = YES;
				CLANG_WARN_STRICT_PROTOTYPES = YES;
				CLANG_WARN_SUSPICIOUS_MOVE = YES;
				CLANG_WARN_UNGUARDED_AVAILABILITY = YES_AGGRESSIVE;
				CLANG_WARN_UNREACHABLE_CODE = YES;
				CLANG_WARN__DUPLICATE_METHOD_MATCH = YES;
				COPY_PHASE_STRIP = NO;
				DEBUG_INFORMATION_FORMAT = "dwarf-with-dsym";
				ENABLE_NS_ASSERTIONS = NO;
				ENABLE_STRICT_OBJC_MSGSEND = YES;
				GCC_C_LANGUAGE_STANDARD = gnu11;
				GCC_NO_COMMON_BLOCKS = YES;
				GCC_WARN_64_TO_32_BIT_CONVERSION = YES;
				GCC_WARN_ABOUT_RETURN_TYPE = YES_ERROR;
				GCC_WARN_UNDECLARED_SELECTOR = YES;
				GCC_WARN_UNINITIALIZED_AUTOS = YES_AGGRESSIVE;
				GCC_WARN_UNUSED_FUNCTION = YES;
				GCC_WARN_UNUSED_VARIABLE = YES;
				IPHONEOS_DEPLOYMENT_TARGET = 14.5;
				MTL_ENABLE_DEBUG_INFO = NO;
				MTL_FAST_MATH = YES;
				SDKROOT = iphoneos;
				SWIFT_COMPILATION_MODE = wholemodule;
				SWIFT_OPTIMIZATION_LEVEL = "-O";
				VALIDATE_PRODUCT = YES;
			};
			name = Release;
		};
		5E328A6926B156BF0027B10F /* Debug */ = {
			isa = XCBuildConfiguration;
			buildSettings = {
				ASSETCATALOG_COMPILER_APPICON_NAME = AppIcon;
				ASSETCATALOG_COMPILER_GLOBAL_ACCENT_COLOR_NAME = AccentColor;
				CODE_SIGN_STYLE = Automatic;
				DEVELOPMENT_ASSET_PATHS = "\"Hello Chat/Preview Content\"";
				DEVELOPMENT_TEAM = T53Y7GLJ7K;
				ENABLE_PREVIEWS = YES;
				INFOPLIST_FILE = "Hello Chat/Info.plist";
				IPHONEOS_DEPLOYMENT_TARGET = 14.0;
				LD_RUNPATH_SEARCH_PATHS = (
					"$(inherited)",
					"@executable_path/Frameworks",
				);
				PRODUCT_BUNDLE_IDENTIFIER = "com.leeesangheee.Hello-Chat";
				PRODUCT_NAME = "$(TARGET_NAME)";
				SWIFT_VERSION = 5.0;
				TARGETED_DEVICE_FAMILY = "1,2";
			};
			name = Debug;
		};
		5E328A6A26B156BF0027B10F /* Release */ = {
			isa = XCBuildConfiguration;
			buildSettings = {
				ASSETCATALOG_COMPILER_APPICON_NAME = AppIcon;
				ASSETCATALOG_COMPILER_GLOBAL_ACCENT_COLOR_NAME = AccentColor;
				CODE_SIGN_STYLE = Automatic;
				DEVELOPMENT_ASSET_PATHS = "\"Hello Chat/Preview Content\"";
				DEVELOPMENT_TEAM = T53Y7GLJ7K;
				ENABLE_PREVIEWS = YES;
				INFOPLIST_FILE = "Hello Chat/Info.plist";
				IPHONEOS_DEPLOYMENT_TARGET = 14.0;
				LD_RUNPATH_SEARCH_PATHS = (
					"$(inherited)",
					"@executable_path/Frameworks",
				);
				PRODUCT_BUNDLE_IDENTIFIER = "com.leeesangheee.Hello-Chat";
				PRODUCT_NAME = "$(TARGET_NAME)";
				SWIFT_VERSION = 5.0;
				TARGETED_DEVICE_FAMILY = "1,2";
			};
			name = Release;
		};
/* End XCBuildConfiguration section */

/* Begin XCConfigurationList section */
		5E328A5426B156BD0027B10F /* Build configuration list for PBXProject "Hello Chat" */ = {
			isa = XCConfigurationList;
			buildConfigurations = (
				5E328A6626B156BF0027B10F /* Debug */,
				5E328A6726B156BF0027B10F /* Release */,
			);
			defaultConfigurationIsVisible = 0;
			defaultConfigurationName = Release;
		};
		5E328A6826B156BF0027B10F /* Build configuration list for PBXNativeTarget "Hello Chat" */ = {
			isa = XCConfigurationList;
			buildConfigurations = (
				5E328A6926B156BF0027B10F /* Debug */,
				5E328A6A26B156BF0027B10F /* Release */,
			);
			defaultConfigurationIsVisible = 0;
			defaultConfigurationName = Release;
		};
/* End XCConfigurationList section */

/* Begin XCRemoteSwiftPackageReference section */
		5E328B6126BA71E60027B10F /* XCRemoteSwiftPackageReference "firebase-ios-sdk" */ = {
			isa = XCRemoteSwiftPackageReference;
			repositoryURL = "https://github.com/firebase/firebase-ios-sdk.git";
			requirement = {
				kind = upToNextMajorVersion;
				minimumVersion = 8.5.0;
			};
		};
		5E328B6C26BA8F720027B10F /* XCRemoteSwiftPackageReference "Kingfisher" */ = {
			isa = XCRemoteSwiftPackageReference;
			repositoryURL = "https://github.com/onevcat/Kingfisher.git";
			requirement = {
				kind = upToNextMajorVersion;
				minimumVersion = 6.3.1;
			};
		};
/* End XCRemoteSwiftPackageReference section */

/* Begin XCSwiftPackageProductDependency section */
		5E328B6226BA71E70027B10F /* FirebaseFunctions */ = {
			isa = XCSwiftPackageProductDependency;
			package = 5E328B6126BA71E60027B10F /* XCRemoteSwiftPackageReference "firebase-ios-sdk" */;
			productName = FirebaseFunctions;
		};
		5E328B6426BA71E70027B10F /* FirebaseFirestoreSwift-Beta */ = {
			isa = XCSwiftPackageProductDependency;
			package = 5E328B6126BA71E60027B10F /* XCRemoteSwiftPackageReference "firebase-ios-sdk" */;
			productName = "FirebaseFirestoreSwift-Beta";
		};
		5E328B6626BA71E70027B10F /* FirebaseStorage */ = {
			isa = XCSwiftPackageProductDependency;
			package = 5E328B6126BA71E60027B10F /* XCRemoteSwiftPackageReference "firebase-ios-sdk" */;
			productName = FirebaseStorage;
		};
		5E328B6826BA71E70027B10F /* FirebaseAuth */ = {
			isa = XCSwiftPackageProductDependency;
			package = 5E328B6126BA71E60027B10F /* XCRemoteSwiftPackageReference "firebase-ios-sdk" */;
			productName = FirebaseAuth;
		};
		5E328B6A26BA71E70027B10F /* FirebaseFirestore */ = {
			isa = XCSwiftPackageProductDependency;
			package = 5E328B6126BA71E60027B10F /* XCRemoteSwiftPackageReference "firebase-ios-sdk" */;
			productName = FirebaseFirestore;
		};
		5E328B6D26BA8F720027B10F /* Kingfisher */ = {
			isa = XCSwiftPackageProductDependency;
			package = 5E328B6C26BA8F720027B10F /* XCRemoteSwiftPackageReference "Kingfisher" */;
			productName = Kingfisher;
		};
/* End XCSwiftPackageProductDependency section */
	};
	rootObject = 5E328A5126B156BD0027B10F /* Project object */;
}
