// !$*UTF8*$!
{
	archiveVersion = 1;
	classes = {
	};
	objectVersion = 50;
	objects = {

/* Begin PBXBuildFile section */
		5E328A5D26B156BD0027B10F /* Hello_ChatApp.swift in Sources */ = {isa = PBXBuildFile; fileRef = 5E328A5C26B156BD0027B10F /* Hello_ChatApp.swift */; };
		5E328A6126B156BF0027B10F /* Assets.xcassets in Resources */ = {isa = PBXBuildFile; fileRef = 5E328A6026B156BF0027B10F /* Assets.xcassets */; };
		5E328A6426B156BF0027B10F /* Preview Assets.xcassets in Resources */ = {isa = PBXBuildFile; fileRef = 5E328A6326B156BF0027B10F /* Preview Assets.xcassets */; };
		5E328A7326B1596F0027B10F /* LoginView.swift in Sources */ = {isa = PBXBuildFile; fileRef = 5E328A7226B1596F0027B10F /* LoginView.swift */; };
		5E328A7526B159A30027B10F /* RegistrationView.swift in Sources */ = {isa = PBXBuildFile; fileRef = 5E328A7426B159A30027B10F /* RegistrationView.swift */; };
		5E328A7726B198C10027B10F /* CustomTextField.swift in Sources */ = {isa = PBXBuildFile; fileRef = 5E328A7626B198C10027B10F /* CustomTextField.swift */; };
		5E328A7926B19C5B0027B10F /* IntroParagraph.swift in Sources */ = {isa = PBXBuildFile; fileRef = 5E328A7826B19C5B0027B10F /* IntroParagraph.swift */; };
		5E328A7B26B19D130027B10F /* CustomCapsuleButton.swift in Sources */ = {isa = PBXBuildFile; fileRef = 5E328A7A26B19D130027B10F /* CustomCapsuleButton.swift */; };
		5E328A7E26B26A310027B10F /* MainTabView.swift in Sources */ = {isa = PBXBuildFile; fileRef = 5E328A7D26B26A310027B10F /* MainTabView.swift */; };
		5E328A8326B26D820027B10F /* ChannelsView.swift in Sources */ = {isa = PBXBuildFile; fileRef = 5E328A8226B26D820027B10F /* ChannelsView.swift */; };
		5E328A8B26B26DB00027B10F /* SettingsView.swift in Sources */ = {isa = PBXBuildFile; fileRef = 5E328A8A26B26DB00027B10F /* SettingsView.swift */; };
		5E328A8F26B26E320027B10F /* ChatsView.swift in Sources */ = {isa = PBXBuildFile; fileRef = 5E328A8E26B26E320027B10F /* ChatsView.swift */; };
		5E328A9526B26F010027B10F /* Conversation.swift in Sources */ = {isa = PBXBuildFile; fileRef = 5E328A9426B26F010027B10F /* Conversation.swift */; };
/* End PBXBuildFile section */

/* Begin PBXFileReference section */
		5E328A5926B156BD0027B10F /* Hello Chat.app */ = {isa = PBXFileReference; explicitFileType = wrapper.application; includeInIndex = 0; path = "Hello Chat.app"; sourceTree = BUILT_PRODUCTS_DIR; };
		5E328A5C26B156BD0027B10F /* Hello_ChatApp.swift */ = {isa = PBXFileReference; lastKnownFileType = sourcecode.swift; path = Hello_ChatApp.swift; sourceTree = "<group>"; };
		5E328A6026B156BF0027B10F /* Assets.xcassets */ = {isa = PBXFileReference; lastKnownFileType = folder.assetcatalog; path = Assets.xcassets; sourceTree = "<group>"; };
		5E328A6326B156BF0027B10F /* Preview Assets.xcassets */ = {isa = PBXFileReference; lastKnownFileType = folder.assetcatalog; path = "Preview Assets.xcassets"; sourceTree = "<group>"; };
		5E328A6526B156BF0027B10F /* Info.plist */ = {isa = PBXFileReference; lastKnownFileType = text.plist.xml; path = Info.plist; sourceTree = "<group>"; };
		5E328A7226B1596F0027B10F /* LoginView.swift */ = {isa = PBXFileReference; lastKnownFileType = sourcecode.swift; path = LoginView.swift; sourceTree = "<group>"; };
		5E328A7426B159A30027B10F /* RegistrationView.swift */ = {isa = PBXFileReference; lastKnownFileType = sourcecode.swift; path = RegistrationView.swift; sourceTree = "<group>"; };
		5E328A7626B198C10027B10F /* CustomTextField.swift */ = {isa = PBXFileReference; lastKnownFileType = sourcecode.swift; path = CustomTextField.swift; sourceTree = "<group>"; };
		5E328A7826B19C5B0027B10F /* IntroParagraph.swift */ = {isa = PBXFileReference; lastKnownFileType = sourcecode.swift; path = IntroParagraph.swift; sourceTree = "<group>"; };
		5E328A7A26B19D130027B10F /* CustomCapsuleButton.swift */ = {isa = PBXFileReference; lastKnownFileType = sourcecode.swift; path = CustomCapsuleButton.swift; sourceTree = "<group>"; };
		5E328A7D26B26A310027B10F /* MainTabView.swift */ = {isa = PBXFileReference; lastKnownFileType = sourcecode.swift; path = MainTabView.swift; sourceTree = "<group>"; };
		5E328A8226B26D820027B10F /* ChannelsView.swift */ = {isa = PBXFileReference; lastKnownFileType = sourcecode.swift; path = ChannelsView.swift; sourceTree = "<group>"; };
		5E328A8A26B26DB00027B10F /* SettingsView.swift */ = {isa = PBXFileReference; lastKnownFileType = sourcecode.swift; path = SettingsView.swift; sourceTree = "<group>"; };
		5E328A8E26B26E320027B10F /* ChatsView.swift */ = {isa = PBXFileReference; lastKnownFileType = sourcecode.swift; path = ChatsView.swift; sourceTree = "<group>"; };
		5E328A9426B26F010027B10F /* Conversation.swift */ = {isa = PBXFileReference; lastKnownFileType = sourcecode.swift; path = Conversation.swift; sourceTree = "<group>"; };
/* End PBXFileReference section */

/* Begin PBXFrameworksBuildPhase section */
		5E328A5626B156BD0027B10F /* Frameworks */ = {
			isa = PBXFrameworksBuildPhase;
			buildActionMask = 2147483647;
			files = (
			);
			runOnlyForDeploymentPostprocessing = 0;
		};
/* End PBXFrameworksBuildPhase section */

/* Begin PBXGroup section */
		5E328A5026B156BD0027B10F = {
			isa = PBXGroup;
			children = (
				5E328A5B26B156BD0027B10F /* Hello Chat */,
				5E328A5A26B156BD0027B10F /* Products */,
			);
			sourceTree = "<group>";
		};
		5E328A5A26B156BD0027B10F /* Products */ = {
			isa = PBXGroup;
			children = (
				5E328A5926B156BD0027B10F /* Hello Chat.app */,
			);
			name = Products;
			sourceTree = "<group>";
		};
		5E328A5B26B156BD0027B10F /* Hello Chat */ = {
			isa = PBXGroup;
			children = (
				5E328A7026B158320027B10F /* Model */,
				5E328A6F26B158300027B10F /* View */,
				5E328A6E26B1582E0027B10F /* ViewModel */,
				5E328A6D26B1582C0027B10F /* API */,
				5E328A6C26B158290027B10F /* Utilities */,
				5E328A5C26B156BD0027B10F /* Hello_ChatApp.swift */,
				5E328A6026B156BF0027B10F /* Assets.xcassets */,
				5E328A6526B156BF0027B10F /* Info.plist */,
				5E328A6226B156BF0027B10F /* Preview Content */,
			);
			path = "Hello Chat";
			sourceTree = "<group>";
		};
		5E328A6226B156BF0027B10F /* Preview Content */ = {
			isa = PBXGroup;
			children = (
				5E328A6326B156BF0027B10F /* Preview Assets.xcassets */,
			);
			path = "Preview Content";
			sourceTree = "<group>";
		};
		5E328A6C26B158290027B10F /* Utilities */ = {
			isa = PBXGroup;
			children = (
				5E328A7626B198C10027B10F /* CustomTextField.swift */,
				5E328A7826B19C5B0027B10F /* IntroParagraph.swift */,
				5E328A7A26B19D130027B10F /* CustomCapsuleButton.swift */,
			);
			path = Utilities;
			sourceTree = "<group>";
		};
		5E328A6D26B1582C0027B10F /* API */ = {
			isa = PBXGroup;
			children = (
			);
			path = API;
			sourceTree = "<group>";
		};
		5E328A6E26B1582E0027B10F /* ViewModel */ = {
			isa = PBXGroup;
			children = (
			);
			path = ViewModel;
			sourceTree = "<group>";
		};
		5E328A6F26B158300027B10F /* View */ = {
			isa = PBXGroup;
			children = (
				5E328A7126B1590C0027B10F /* Authentication */,
				5E328A7C26B26A080027B10F /* Main */,
				5E328A8126B26D5A0027B10F /* Chats */,
				5E328A9326B26EEF0027B10F /* Conversation */,
				5E328A8026B26D550027B10F /* Channels */,
				5E328A7F26B26D4C0027B10F /* Settings */,
			);
			path = View;
			sourceTree = "<group>";
		};
		5E328A7026B158320027B10F /* Model */ = {
			isa = PBXGroup;
			children = (
			);
			path = Model;
			sourceTree = "<group>";
		};
		5E328A7126B1590C0027B10F /* Authentication */ = {
			isa = PBXGroup;
			children = (
				5E328A7226B1596F0027B10F /* LoginView.swift */,
				5E328A7426B159A30027B10F /* RegistrationView.swift */,
			);
			path = Authentication;
			sourceTree = "<group>";
		};
		5E328A7C26B26A080027B10F /* Main */ = {
			isa = PBXGroup;
			children = (
				5E328A7D26B26A310027B10F /* MainTabView.swift */,
			);
			path = Main;
			sourceTree = "<group>";
		};
		5E328A7F26B26D4C0027B10F /* Settings */ = {
			isa = PBXGroup;
			children = (
				5E328A8A26B26DB00027B10F /* SettingsView.swift */,
			);
			path = Settings;
			sourceTree = "<group>";
		};
		5E328A8026B26D550027B10F /* Channels */ = {
			isa = PBXGroup;
			children = (
				5E328A8226B26D820027B10F /* ChannelsView.swift */,
			);
			path = Channels;
			sourceTree = "<group>";
		};
		5E328A8126B26D5A0027B10F /* Chats */ = {
			isa = PBXGroup;
			children = (
				5E328A8E26B26E320027B10F /* ChatsView.swift */,
			);
			path = Chats;
			sourceTree = "<group>";
		};
		5E328A9326B26EEF0027B10F /* Conversation */ = {
			isa = PBXGroup;
			children = (
				5E328A9426B26F010027B10F /* Conversation.swift */,
			);
			path = Conversation;
			sourceTree = "<group>";
		};
/* End PBXGroup section */

/* Begin PBXNativeTarget section */
		5E328A5826B156BD0027B10F /* Hello Chat */ = {
			isa = PBXNativeTarget;
			buildConfigurationList = 5E328A6826B156BF0027B10F /* Build configuration list for PBXNativeTarget "Hello Chat" */;
			buildPhases = (
				5E328A5526B156BD0027B10F /* Sources */,
				5E328A5626B156BD0027B10F /* Frameworks */,
				5E328A5726B156BD0027B10F /* Resources */,
			);
			buildRules = (
			);
			dependencies = (
			);
			name = "Hello Chat";
			productName = "Hello Chat";
			productReference = 5E328A5926B156BD0027B10F /* Hello Chat.app */;
			productType = "com.apple.product-type.application";
		};
/* End PBXNativeTarget section */

/* Begin PBXProject section */
		5E328A5126B156BD0027B10F /* Project object */ = {
			isa = PBXProject;
			attributes = {
				LastSwiftUpdateCheck = 1250;
				LastUpgradeCheck = 1250;
				TargetAttributes = {
					5E328A5826B156BD0027B10F = {
						CreatedOnToolsVersion = 12.5.1;
					};
				};
			};
			buildConfigurationList = 5E328A5426B156BD0027B10F /* Build configuration list for PBXProject "Hello Chat" */;
			compatibilityVersion = "Xcode 9.3";
			developmentRegion = en;
			hasScannedForEncodings = 0;
			knownRegions = (
				en,
				Base,
			);
			mainGroup = 5E328A5026B156BD0027B10F;
			productRefGroup = 5E328A5A26B156BD0027B10F /* Products */;
			projectDirPath = "";
			projectRoot = "";
			targets = (
				5E328A5826B156BD0027B10F /* Hello Chat */,
			);
		};
/* End PBXProject section */

/* Begin PBXResourcesBuildPhase section */
		5E328A5726B156BD0027B10F /* Resources */ = {
			isa = PBXResourcesBuildPhase;
			buildActionMask = 2147483647;
			files = (
				5E328A6426B156BF0027B10F /* Preview Assets.xcassets in Resources */,
				5E328A6126B156BF0027B10F /* Assets.xcassets in Resources */,
			);
			runOnlyForDeploymentPostprocessing = 0;
		};
/* End PBXResourcesBuildPhase section */

/* Begin PBXSourcesBuildPhase section */
		5E328A5526B156BD0027B10F /* Sources */ = {
			isa = PBXSourcesBuildPhase;
			buildActionMask = 2147483647;
			files = (
				5E328A9526B26F010027B10F /* Conversation.swift in Sources */,
				5E328A7326B1596F0027B10F /* LoginView.swift in Sources */,
				5E328A8F26B26E320027B10F /* ChatsView.swift in Sources */,
				5E328A7926B19C5B0027B10F /* IntroParagraph.swift in Sources */,
				5E328A8326B26D820027B10F /* ChannelsView.swift in Sources */,
				5E328A7B26B19D130027B10F /* CustomCapsuleButton.swift in Sources */,
				5E328A7E26B26A310027B10F /* MainTabView.swift in Sources */,
				5E328A5D26B156BD0027B10F /* Hello_ChatApp.swift in Sources */,
				5E328A7526B159A30027B10F /* RegistrationView.swift in Sources */,
				5E328A7726B198C10027B10F /* CustomTextField.swift in Sources */,
				5E328A8B26B26DB00027B10F /* SettingsView.swift in Sources */,
			);
			runOnlyForDeploymentPostprocessing = 0;
		};
/* End PBXSourcesBuildPhase section */

/* Begin XCBuildConfiguration section */
		5E328A6626B156BF0027B10F /* Debug */ = {
			isa = XCBuildConfiguration;
			buildSettings = {
				ALWAYS_SEARCH_USER_PATHS = NO;
				CLANG_ANALYZER_NONNULL = YES;
				CLANG_ANALYZER_NUMBER_OBJECT_CONVERSION = YES_AGGRESSIVE;
				CLANG_CXX_LANGUAGE_STANDARD = "gnu++14";
				CLANG_CXX_LIBRARY = "libc++";
				CLANG_ENABLE_MODULES = YES;
				CLANG_ENABLE_OBJC_ARC = YES;
				CLANG_ENABLE_OBJC_WEAK = YES;
				CLANG_WARN_BLOCK_CAPTURE_AUTORELEASING = YES;
				CLANG_WARN_BOOL_CONVERSION = YES;
				CLANG_WARN_COMMA = YES;
				CLANG_WARN_CONSTANT_CONVERSION = YES;
				CLANG_WARN_DEPRECATED_OBJC_IMPLEMENTATIONS = YES;
				CLANG_WARN_DIRECT_OBJC_ISA_USAGE = YES_ERROR;
				CLANG_WARN_DOCUMENTATION_COMMENTS = YES;
				CLANG_WARN_EMPTY_BODY = YES;
				CLANG_WARN_ENUM_CONVERSION = YES;
				CLANG_WARN_INFINITE_RECURSION = YES;
				CLANG_WARN_INT_CONVERSION = YES;
				CLANG_WARN_NON_LITERAL_NULL_CONVERSION = YES;
				CLANG_WARN_OBJC_IMPLICIT_RETAIN_SELF = YES;
				CLANG_WARN_OBJC_LITERAL_CONVERSION = YES;
				CLANG_WARN_OBJC_ROOT_CLASS = YES_ERROR;
				CLANG_WARN_QUOTED_INCLUDE_IN_FRAMEWORK_HEADER = YES;
				CLANG_WARN_RANGE_LOOP_ANALYSIS = YES;
				CLANG_WARN_STRICT_PROTOTYPES = YES;
				CLANG_WARN_SUSPICIOUS_MOVE = YES;
				CLANG_WARN_UNGUARDED_AVAILABILITY = YES_AGGRESSIVE;
				CLANG_WARN_UNREACHABLE_CODE = YES;
				CLANG_WARN__DUPLICATE_METHOD_MATCH = YES;
				COPY_PHASE_STRIP = NO;
				DEBUG_INFORMATION_FORMAT = dwarf;
				ENABLE_STRICT_OBJC_MSGSEND = YES;
				ENABLE_TESTABILITY = YES;
				GCC_C_LANGUAGE_STANDARD = gnu11;
				GCC_DYNAMIC_NO_PIC = NO;
				GCC_NO_COMMON_BLOCKS = YES;
				GCC_OPTIMIZATION_LEVEL = 0;
				GCC_PREPROCESSOR_DEFINITIONS = (
					"DEBUG=1",
					"$(inherited)",
				);
				GCC_WARN_64_TO_32_BIT_CONVERSION = YES;
				GCC_WARN_ABOUT_RETURN_TYPE = YES_ERROR;
				GCC_WARN_UNDECLARED_SELECTOR = YES;
				GCC_WARN_UNINITIALIZED_AUTOS = YES_AGGRESSIVE;
				GCC_WARN_UNUSED_FUNCTION = YES;
				GCC_WARN_UNUSED_VARIABLE = YES;
				IPHONEOS_DEPLOYMENT_TARGET = 14.5;
				MTL_ENABLE_DEBUG_INFO = INCLUDE_SOURCE;
				MTL_FAST_MATH = YES;
				ONLY_ACTIVE_ARCH = YES;
				SDKROOT = iphoneos;
				SWIFT_ACTIVE_COMPILATION_CONDITIONS = DEBUG;
				SWIFT_OPTIMIZATION_LEVEL = "-Onone";
			};
			name = Debug;
		};
		5E328A6726B156BF0027B10F /* Release */ = {
			isa = XCBuildConfiguration;
			buildSettings = {
				ALWAYS_SEARCH_USER_PATHS = NO;
				CLANG_ANALYZER_NONNULL = YES;
				CLANG_ANALYZER_NUMBER_OBJECT_CONVERSION = YES_AGGRESSIVE;
				CLANG_CXX_LANGUAGE_STANDARD = "gnu++14";
				CLANG_CXX_LIBRARY = "libc++";
				CLANG_ENABLE_MODULES = YES;
				CLANG_ENABLE_OBJC_ARC = YES;
				CLANG_ENABLE_OBJC_WEAK = YES;
				CLANG_WARN_BLOCK_CAPTURE_AUTORELEASING = YES;
				CLANG_WARN_BOOL_CONVERSION = YES;
				CLANG_WARN_COMMA = YES;
				CLANG_WARN_CONSTANT_CONVERSION = YES;
				CLANG_WARN_DEPRECATED_OBJC_IMPLEMENTATIONS = YES;
				CLANG_WARN_DIRECT_OBJC_ISA_USAGE = YES_ERROR;
				CLANG_WARN_DOCUMENTATION_COMMENTS = YES;
				CLANG_WARN_EMPTY_BODY = YES;
				CLANG_WARN_ENUM_CONVERSION = YES;
				CLANG_WARN_INFINITE_RECURSION = YES;
				CLANG_WARN_INT_CONVERSION = YES;
				CLANG_WARN_NON_LITERAL_NULL_CONVERSION = YES;
				CLANG_WARN_OBJC_IMPLICIT_RETAIN_SELF = YES;
				CLANG_WARN_OBJC_LITERAL_CONVERSION = YES;
				CLANG_WARN_OBJC_ROOT_CLASS = YES_ERROR;
				CLANG_WARN_QUOTED_INCLUDE_IN_FRAMEWORK_HEADER = YES;
				CLANG_WARN_RANGE_LOOP_ANALYSIS = YES;
				CLANG_WARN_STRICT_PROTOTYPES = YES;
				CLANG_WARN_SUSPICIOUS_MOVE = YES;
				CLANG_WARN_UNGUARDED_AVAILABILITY = YES_AGGRESSIVE;
				CLANG_WARN_UNREACHABLE_CODE = YES;
				CLANG_WARN__DUPLICATE_METHOD_MATCH = YES;
				COPY_PHASE_STRIP = NO;
				DEBUG_INFORMATION_FORMAT = "dwarf-with-dsym";
				ENABLE_NS_ASSERTIONS = NO;
				ENABLE_STRICT_OBJC_MSGSEND = YES;
				GCC_C_LANGUAGE_STANDARD = gnu11;
				GCC_NO_COMMON_BLOCKS = YES;
				GCC_WARN_64_TO_32_BIT_CONVERSION = YES;
				GCC_WARN_ABOUT_RETURN_TYPE = YES_ERROR;
				GCC_WARN_UNDECLARED_SELECTOR = YES;
				GCC_WARN_UNINITIALIZED_AUTOS = YES_AGGRESSIVE;
				GCC_WARN_UNUSED_FUNCTION = YES;
				GCC_WARN_UNUSED_VARIABLE = YES;
				IPHONEOS_DEPLOYMENT_TARGET = 14.5;
				MTL_ENABLE_DEBUG_INFO = NO;
				MTL_FAST_MATH = YES;
				SDKROOT = iphoneos;
				SWIFT_COMPILATION_MODE = wholemodule;
				SWIFT_OPTIMIZATION_LEVEL = "-O";
				VALIDATE_PRODUCT = YES;
			};
			name = Release;
		};
		5E328A6926B156BF0027B10F /* Debug */ = {
			isa = XCBuildConfiguration;
			buildSettings = {
				ASSETCATALOG_COMPILER_APPICON_NAME = AppIcon;
				ASSETCATALOG_COMPILER_GLOBAL_ACCENT_COLOR_NAME = AccentColor;
				CODE_SIGN_STYLE = Automatic;
				DEVELOPMENT_ASSET_PATHS = "\"Hello Chat/Preview Content\"";
				DEVELOPMENT_TEAM = T53Y7GLJ7K;
				ENABLE_PREVIEWS = YES;
				INFOPLIST_FILE = "Hello Chat/Info.plist";
				IPHONEOS_DEPLOYMENT_TARGET = 14.0;
				LD_RUNPATH_SEARCH_PATHS = (
					"$(inherited)",
					"@executable_path/Frameworks",
				);
				PRODUCT_BUNDLE_IDENTIFIER = "com.leeesangheee.Hello-Chat";
				PRODUCT_NAME = "$(TARGET_NAME)";
				SWIFT_VERSION = 5.0;
				TARGETED_DEVICE_FAMILY = "1,2";
			};
			name = Debug;
		};
		5E328A6A26B156BF0027B10F /* Release */ = {
			isa = XCBuildConfiguration;
			buildSettings = {
				ASSETCATALOG_COMPILER_APPICON_NAME = AppIcon;
				ASSETCATALOG_COMPILER_GLOBAL_ACCENT_COLOR_NAME = AccentColor;
				CODE_SIGN_STYLE = Automatic;
				DEVELOPMENT_ASSET_PATHS = "\"Hello Chat/Preview Content\"";
				DEVELOPMENT_TEAM = T53Y7GLJ7K;
				ENABLE_PREVIEWS = YES;
				INFOPLIST_FILE = "Hello Chat/Info.plist";
				IPHONEOS_DEPLOYMENT_TARGET = 14.0;
				LD_RUNPATH_SEARCH_PATHS = (
					"$(inherited)",
					"@executable_path/Frameworks",
				);
				PRODUCT_BUNDLE_IDENTIFIER = "com.leeesangheee.Hello-Chat";
				PRODUCT_NAME = "$(TARGET_NAME)";
				SWIFT_VERSION = 5.0;
				TARGETED_DEVICE_FAMILY = "1,2";
			};
			name = Release;
		};
/* End XCBuildConfiguration section */

/* Begin XCConfigurationList section */
		5E328A5426B156BD0027B10F /* Build configuration list for PBXProject "Hello Chat" */ = {
			isa = XCConfigurationList;
			buildConfigurations = (
				5E328A6626B156BF0027B10F /* Debug */,
				5E328A6726B156BF0027B10F /* Release */,
			);
			defaultConfigurationIsVisible = 0;
			defaultConfigurationName = Release;
		};
		5E328A6826B156BF0027B10F /* Build configuration list for PBXNativeTarget "Hello Chat" */ = {
			isa = XCConfigurationList;
			buildConfigurations = (
				5E328A6926B156BF0027B10F /* Debug */,
				5E328A6A26B156BF0027B10F /* Release */,
			);
			defaultConfigurationIsVisible = 0;
			defaultConfigurationName = Release;
		};
/* End XCConfigurationList section */
	};
	rootObject = 5E328A5126B156BD0027B10F /* Project object */;
}
